
Microsoft Visual Studio Solution File, Format Version 12.00
# Visual Studio Version 17
VisualStudioVersion = 17.2.32616.157
MinimumVisualStudioVersion = 10.0.40219.1
Project("{FAE04EC0-301F-11D3-BF4B-00C04F79EFBC}") = "WebApplication2", "WebApplication2\WebApplication2.csproj", "{41F7F712-DA9B-47BA-875E-02A9591F3BA7}"
EndProject
Global
	GlobalSection(SolutionConfigurationPlatforms) = preSolution
		Debug|Any CPU = Debug|Any CPU
		Release|Any CPU = Release|Any CPU
	EndGlobalSection
	GlobalSection(ProjectConfigurationPlatforms) = postSolution
		{41F7F712-DA9B-47BA-875E-02A9591F3BA7}.Debug|Any CPU.ActiveCfg = Debug|Any CPU
		{41F7F712-DA9B-47BA-875E-02A9591F3BA7}.Debug|Any CPU.Build.0 = Debug|Any CPU
		{41F7F712-DA9B-47BA-875E-02A9591F3BA7}.Release|Any CPU.ActiveCfg = Release|Any CPU
		{41F7F712-DA9B-47BA-875E-02A9591F3BA7}.Release|Any CPU.Build.0 = Release|Any CPU
	EndGlobalSection
	GlobalSection(SolutionProperties) = preSolution
		HideSolutionNode = FALSE
	EndGlobalSection
	GlobalSection(ExtensibilityGlobals) = postSolution
		SolutionGuid = {09951394-E98D-4C2A-A9FD-3CE401C28CB2}
	EndGlobalSection
EndGlobal
